
Microsoft Visual Studio Solution File, Format Version 12.00
# Visual Studio Version 17
VisualStudioVersion = 17.13.35931.197 d17.13
MinimumVisualStudioVersion = 10.0.40219.1
Project("{FAE04EC0-301F-11D3-BF4B-00C04F79EFBC}") = "DesktopWatcher", "DesktopWatcher\DesktopWatcher.csproj", "{3ED4E8BF-3AE8-4FD7-87BC-95C7AEEF7942}"
EndProject
Global
	GlobalSection(SolutionConfigurationPlatforms) = preSolution
		Debug|Any CPU = Debug|Any CPU
		Release|Any CPU = Release|Any CPU
	EndGlobalSection
	GlobalSection(ProjectConfigurationPlatforms) = postSolution
		{3ED4E8BF-3AE8-4FD7-87BC-95C7AEEF7942}.Debug|Any CPU.ActiveCfg = Debug|Any CPU
		{3ED4E8BF-3AE8-4FD7-87BC-95C7AEEF7942}.Debug|Any CPU.Build.0 = Debug|Any CPU
		{3ED4E8BF-3AE8-4FD7-87BC-95C7AEEF7942}.Release|Any CPU.ActiveCfg = Release|Any CPU
		{3ED4E8BF-3AE8-4FD7-87BC-95C7AEEF7942}.Release|Any CPU.Build.0 = Release|Any CPU
	EndGlobalSection
	GlobalSection(SolutionProperties) = preSolution
		HideSolutionNode = FALSE
	EndGlobalSection
	GlobalSection(ExtensibilityGlobals) = postSolution
		SolutionGuid = {AB95CD32-AD22-4514-9B40-380015808FD3}
	EndGlobalSection
EndGlobal
